{
  "name": "01-fundamentos-nodejs",
  "version": "1.0.0",
  "lockfileVersion": 3,
  "requires": true,
  "packages": {
    "": {
      "name": "01-fundamentos-nodejs",
      "version": "1.0.0",
      "license": "ISC",
      "dependencies": {
        "csv-generate": "^4.2.8",
        "csv-parse": "^5.5.0"
      }
    },
    "node_modules/csv-generate": {
      "version": "4.2.8",
      "resolved": "https://registry.npmjs.org/csv-generate/-/csv-generate-4.2.8.tgz",
      "integrity": "sha512-qQ5CUs4I58kfo90EDBKjdp0SpJ3xWnN1Xk1lZ1ITvfvMtNRf+jrEP8tNPeEPiI9xJJ6Bd/km/1hMjyYlTpY42g=="
    },
    "node_modules/csv-parse": {
      "version": "5.5.0",
      "resolved": "https://registry.npmjs.org/csv-parse/-/csv-parse-5.5.0.tgz",
      "integrity": "sha512-RxruSK3M4XgzcD7Trm2wEN+SJ26ChIb903+IWxNOcB5q4jT2Cs+hFr6QP39J05EohshRFEvyzEBoZ/466S2sbw=="
    }
  }
}
